
Microsoft Visual Studio Solution File, Format Version 12.00
# Visual Studio Version 17
VisualStudioVersion = 17.1.32328.378
MinimumVisualStudioVersion = 10.0.40219.1
Project("{FAE04EC0-301F-11D3-BF4B-00C04F79EFBC}") = "WebApplication1", "WebApplication1\WebApplication1.csproj", "{73F29E07-BB33-4FAB-B2D0-4B86B164E014}"
EndProject
Global
	GlobalSection(SolutionConfigurationPlatforms) = preSolution
		Debug|Any CPU = Debug|Any CPU
		Release|Any CPU = Release|Any CPU
	EndGlobalSection
	GlobalSection(ProjectConfigurationPlatforms) = postSolution
		{73F29E07-BB33-4FAB-B2D0-4B86B164E014}.Debug|Any CPU.ActiveCfg = Debug|Any CPU
		{73F29E07-BB33-4FAB-B2D0-4B86B164E014}.Debug|Any CPU.Build.0 = Debug|Any CPU
		{73F29E07-BB33-4FAB-B2D0-4B86B164E014}.Release|Any CPU.ActiveCfg = Release|Any CPU
		{73F29E07-BB33-4FAB-B2D0-4B86B164E014}.Release|Any CPU.Build.0 = Release|Any CPU
	EndGlobalSection
	GlobalSection(SolutionProperties) = preSolution
		HideSolutionNode = FALSE
	EndGlobalSection
	GlobalSection(ExtensibilityGlobals) = postSolution
		SolutionGuid = {F82BE73C-D51B-495C-BA33-596B904A5738}
	EndGlobalSection
EndGlobal
